
Microsoft Visual Studio Solution File, Format Version 12.00
# Visual Studio 15
VisualStudioVersion = 15.0.27428.2015
MinimumVisualStudioVersion = 10.0.40219.1
Project("{FAE04EC0-301F-11D3-BF4B-00C04F79EFBC}") = "SRP", "SRP\SRP.csproj", "{71E66E34-9EBE-4D44-86B1-0B02DEED4743}"
EndProject
Project("{FAE04EC0-301F-11D3-BF4B-00C04F79EFBC}") = "OCP", "OCP\OCP.csproj", "{ED947209-612A-4FFE-9EEA-3F6C8133AE23}"
EndProject
Project("{FAE04EC0-301F-11D3-BF4B-00C04F79EFBC}") = "LSP", "LSP\LSP.csproj", "{D564E959-9CEF-4160-9F6E-5925EAB5B1E7}"
EndProject
Project("{FAE04EC0-301F-11D3-BF4B-00C04F79EFBC}") = "ISP", "ISP\ISP.csproj", "{0BD34C9A-DDDB-49BA-AE3A-17B9C75366F4}"
EndProject
Project("{FAE04EC0-301F-11D3-BF4B-00C04F79EFBC}") = "DIP", "DIP\DIP.csproj", "{F2F60839-2305-4395-843D-B06A35C90105}"
EndProject
Project("{FAE04EC0-301F-11D3-BF4B-00C04F79EFBC}") = "SRP - Good", "SRP - Good\SRP - Good.csproj", "{5E590111-621C-43B7-92DE-5975654E9534}"
EndProject
Global
	GlobalSection(SolutionConfigurationPlatforms) = preSolution
		Debug|Any CPU = Debug|Any CPU
		Release|Any CPU = Release|Any CPU
	EndGlobalSection
	GlobalSection(ProjectConfigurationPlatforms) = postSolution
		{71E66E34-9EBE-4D44-86B1-0B02DEED4743}.Debug|Any CPU.ActiveCfg = Debug|Any CPU
		{71E66E34-9EBE-4D44-86B1-0B02DEED4743}.Debug|Any CPU.Build.0 = Debug|Any CPU
		{71E66E34-9EBE-4D44-86B1-0B02DEED4743}.Release|Any CPU.ActiveCfg = Release|Any CPU
		{71E66E34-9EBE-4D44-86B1-0B02DEED4743}.Release|Any CPU.Build.0 = Release|Any CPU
		{ED947209-612A-4FFE-9EEA-3F6C8133AE23}.Debug|Any CPU.ActiveCfg = Debug|Any CPU
		{ED947209-612A-4FFE-9EEA-3F6C8133AE23}.Debug|Any CPU.Build.0 = Debug|Any CPU
		{ED947209-612A-4FFE-9EEA-3F6C8133AE23}.Release|Any CPU.ActiveCfg = Release|Any CPU
		{ED947209-612A-4FFE-9EEA-3F6C8133AE23}.Release|Any CPU.Build.0 = Release|Any CPU
		{D564E959-9CEF-4160-9F6E-5925EAB5B1E7}.Debug|Any CPU.ActiveCfg = Debug|Any CPU
		{D564E959-9CEF-4160-9F6E-5925EAB5B1E7}.Debug|Any CPU.Build.0 = Debug|Any CPU
		{D564E959-9CEF-4160-9F6E-5925EAB5B1E7}.Release|Any CPU.ActiveCfg = Release|Any CPU
		{D564E959-9CEF-4160-9F6E-5925EAB5B1E7}.Release|Any CPU.Build.0 = Release|Any CPU
		{0BD34C9A-DDDB-49BA-AE3A-17B9C75366F4}.Debug|Any CPU.ActiveCfg = Debug|Any CPU
		{0BD34C9A-DDDB-49BA-AE3A-17B9C75366F4}.Debug|Any CPU.Build.0 = Debug|Any CPU
		{0BD34C9A-DDDB-49BA-AE3A-17B9C75366F4}.Release|Any CPU.ActiveCfg = Release|Any CPU
		{0BD34C9A-DDDB-49BA-AE3A-17B9C75366F4}.Release|Any CPU.Build.0 = Release|Any CPU
		{F2F60839-2305-4395-843D-B06A35C90105}.Debug|Any CPU.ActiveCfg = Debug|Any CPU
		{F2F60839-2305-4395-843D-B06A35C90105}.Debug|Any CPU.Build.0 = Debug|Any CPU
		{F2F60839-2305-4395-843D-B06A35C90105}.Release|Any CPU.ActiveCfg = Release|Any CPU
		{F2F60839-2305-4395-843D-B06A35C90105}.Release|Any CPU.Build.0 = Release|Any CPU
		{5E590111-621C-43B7-92DE-5975654E9534}.Debug|Any CPU.ActiveCfg = Debug|Any CPU
		{5E590111-621C-43B7-92DE-5975654E9534}.Debug|Any CPU.Build.0 = Debug|Any CPU
		{5E590111-621C-43B7-92DE-5975654E9534}.Release|Any CPU.ActiveCfg = Release|Any CPU
		{5E590111-621C-43B7-92DE-5975654E9534}.Release|Any CPU.Build.0 = Release|Any CPU
	EndGlobalSection
	GlobalSection(SolutionProperties) = preSolution
		HideSolutionNode = FALSE
	EndGlobalSection
	GlobalSection(ExtensibilityGlobals) = postSolution
		SolutionGuid = {0CFD21F5-0CD9-42A7-801E-B6AF3EE4EF2B}
	EndGlobalSection
EndGlobal
